
Microsoft Visual Studio Solution File, Format Version 12.00
# Visual Studio Version 16
VisualStudioVersion = 16.0.29020.237
MinimumVisualStudioVersion = 10.0.40219.1
Project("{FAE04EC0-301F-11D3-BF4B-00C04F79EFBC}") = "CORSTesting", "CORSTesting\CORSTesting.csproj", "{10781975-1507-4CD2-BD86-FA2DC64EB323}"
EndProject
Global
	GlobalSection(SolutionConfigurationPlatforms) = preSolution
		Debug|Any CPU = Debug|Any CPU
		Release|Any CPU = Release|Any CPU
	EndGlobalSection
	GlobalSection(ProjectConfigurationPlatforms) = postSolution
		{10781975-1507-4CD2-BD86-FA2DC64EB323}.Debug|Any CPU.ActiveCfg = Debug|Any CPU
		{10781975-1507-4CD2-BD86-FA2DC64EB323}.Debug|Any CPU.Build.0 = Debug|Any CPU
		{10781975-1507-4CD2-BD86-FA2DC64EB323}.Release|Any CPU.ActiveCfg = Release|Any CPU
		{10781975-1507-4CD2-BD86-FA2DC64EB323}.Release|Any CPU.Build.0 = Release|Any CPU
	EndGlobalSection
	GlobalSection(SolutionProperties) = preSolution
		HideSolutionNode = FALSE
	EndGlobalSection
	GlobalSection(ExtensibilityGlobals) = postSolution
		SolutionGuid = {F756C690-34E4-4CC6-B22C-BE4FC8F879AA}
	EndGlobalSection
EndGlobal
